// !$*UTF8*$!
{
	archiveVersion = 1;
	classes = {
	};
	objectVersion = 55;
	objects = {

/* Begin PBXBuildFile section */
		69BCFF5528E38A7900D3733A /* CountriesParser.swift in Sources */ = {isa = PBXBuildFile; fileRef = 69BCFF5428E38A7900D3733A /* CountriesParser.swift */; };
		69EED4E828CBC1AC00ED4A20 /* AppDelegate.swift in Sources */ = {isa = PBXBuildFile; fileRef = 69EED4E728CBC1AC00ED4A20 /* AppDelegate.swift */; };
		69EED4F128CBC1B000ED4A20 /* Assets.xcassets in Resources */ = {isa = PBXBuildFile; fileRef = 69EED4F028CBC1B000ED4A20 /* Assets.xcassets */; };
		69EED4F428CBC1B000ED4A20 /* LaunchScreen.storyboard in Resources */ = {isa = PBXBuildFile; fileRef = 69EED4F228CBC1B000ED4A20 /* LaunchScreen.storyboard */; };
		69EED4FF28CBC1B000ED4A20 /* CountriesChallengeTests.swift in Sources */ = {isa = PBXBuildFile; fileRef = 69EED4FE28CBC1B000ED4A20 /* CountriesChallengeTests.swift */; };
		69EED50928CBC1B000ED4A20 /* CountriesChallengeUITests.swift in Sources */ = {isa = PBXBuildFile; fileRef = 69EED50828CBC1B000ED4A20 /* CountriesChallengeUITests.swift */; };
		69EED51928CBD70400ED4A20 /* CountriesViewController.swift in Sources */ = {isa = PBXBuildFile; fileRef = 69EED51828CBD70400ED4A20 /* CountriesViewController.swift */; };
		69EED51C28CBD90400ED4A20 /* CountriesService.swift in Sources */ = {isa = PBXBuildFile; fileRef = 69EED51B28CBD90400ED4A20 /* CountriesService.swift */; };
		69EED51F28CBD98200ED4A20 /* Country.swift in Sources */ = {isa = PBXBuildFile; fileRef = 69EED51E28CBD98200ED4A20 /* Country.swift */; };
		69EED52128CBD99500ED4A20 /* Currency.swift in Sources */ = {isa = PBXBuildFile; fileRef = 69EED52028CBD99500ED4A20 /* Currency.swift */; };
		69EED52328CBD9A000ED4A20 /* Language.swift in Sources */ = {isa = PBXBuildFile; fileRef = 69EED52228CBD9A000ED4A20 /* Language.swift */; };
		69EED52628CBDD3200ED4A20 /* CountriesViewModel.swift in Sources */ = {isa = PBXBuildFile; fileRef = 69EED52528CBDD3200ED4A20 /* CountriesViewModel.swift */; };
		69EED52928CBE2D700ED4A20 /* CountryCell.swift in Sources */ = {isa = PBXBuildFile; fileRef = 69EED52828CBE2D700ED4A20 /* CountryCell.swift */; };
		A31080432A3BAF6700C6DF1D /* MockTableViewDataSource.swift in Sources */ = {isa = PBXBuildFile; fileRef = A31080422A3BAF6700C6DF1D /* MockTableViewDataSource.swift */; };
		A31080462A3BC30900C6DF1D /* CountriesListScreen.swift in Sources */ = {isa = PBXBuildFile; fileRef = A31080452A3BC30900C6DF1D /* CountriesListScreen.swift */; };
		A31080482A3BC32300C6DF1D /* CountryDetailsScreen.swift in Sources */ = {isa = PBXBuildFile; fileRef = A31080472A3BC32300C6DF1D /* CountryDetailsScreen.swift */; };
		A310804B2A3BC35C00C6DF1D /* BaseElement.swift in Sources */ = {isa = PBXBuildFile; fileRef = A310804A2A3BC35C00C6DF1D /* BaseElement.swift */; };
		A31D4B4A2A3CE1F300229A56 /* Label.swift in Sources */ = {isa = PBXBuildFile; fileRef = A31D4B492A3CE1F300229A56 /* Label.swift */; };
		A31D4B4C2A3CE5AD00229A56 /* NSPredicate.swift in Sources */ = {isa = PBXBuildFile; fileRef = A31D4B4B2A3CE5AD00229A56 /* NSPredicate.swift */; };
		A31D4B512A3D04BB00229A56 /* CountryCellTests.swift in Sources */ = {isa = PBXBuildFile; fileRef = A31D4B502A3D04BB00229A56 /* CountryCellTests.swift */; };
		A332B4872A3C211000802412 /* TextView.swift in Sources */ = {isa = PBXBuildFile; fileRef = A332B4862A3C211000802412 /* TextView.swift */; };
		A332B48B2A3C229300802412 /* XCUIElement.swift in Sources */ = {isa = PBXBuildFile; fileRef = A332B48A2A3C229300802412 /* XCUIElement.swift */; };
		A332B48D2A3C267D00802412 /* Cell.swift in Sources */ = {isa = PBXBuildFile; fileRef = A332B48C2A3C267D00802412 /* Cell.swift */; };
		A34BD1292A3CDA0000CD581D /* BaseTest.swift in Sources */ = {isa = PBXBuildFile; fileRef = A34BD1282A3CDA0000CD581D /* BaseTest.swift */; };
		A34BD12B2A3CDC3C00CD581D /* Values.swift in Sources */ = {isa = PBXBuildFile; fileRef = A34BD12A2A3CDC3C00CD581D /* Values.swift */; };
		A36014412A3B888600B1A34C /* MockCountriesViewModel.swift in Sources */ = {isa = PBXBuildFile; fileRef = A36014402A3B888600B1A34C /* MockCountriesViewModel.swift */; };
		A3BCD06C2A3C169C0004CEB7 /* States.swift in Sources */ = {isa = PBXBuildFile; fileRef = A3BCD06B2A3C169C0004CEB7 /* States.swift */; };
		A3BCD06E2A3C16EF0004CEB7 /* Initializable.swift in Sources */ = {isa = PBXBuildFile; fileRef = A3BCD06D2A3C16EF0004CEB7 /* Initializable.swift */; };
		A3BCD0702A3C18130004CEB7 /* Interactions.swift in Sources */ = {isa = PBXBuildFile; fileRef = A3BCD06F2A3C18130004CEB7 /* Interactions.swift */; };
		A3BCD0772A3C1AF70004CEB7 /* Button.swift in Sources */ = {isa = PBXBuildFile; fileRef = A3BCD0762A3C1AF70004CEB7 /* Button.swift */; };
		A3BCD0792A3C1C6D0004CEB7 /* TextField.swift in Sources */ = {isa = PBXBuildFile; fileRef = A3BCD0782A3C1C6D0004CEB7 /* TextField.swift */; };
		B06D6E9229FAFC6A0021F303 /* CountryDetailViewController.swift in Sources */ = {isa = PBXBuildFile; fileRef = B06D6E9129FAFC6A0021F303 /* CountryDetailViewController.swift */; };
/* End PBXBuildFile section */

/* Begin PBXContainerItemProxy section */
		69EED4FB28CBC1B000ED4A20 /* PBXContainerItemProxy */ = {
			isa = PBXContainerItemProxy;
			containerPortal = 69EED4DC28CBC1AC00ED4A20 /* Project object */;
			proxyType = 1;
			remoteGlobalIDString = 69EED4E328CBC1AC00ED4A20;
			remoteInfo = CountriesChallenge;
		};
		69EED50528CBC1B000ED4A20 /* PBXContainerItemProxy */ = {
			isa = PBXContainerItemProxy;
			containerPortal = 69EED4DC28CBC1AC00ED4A20 /* Project object */;
			proxyType = 1;
			remoteGlobalIDString = 69EED4E328CBC1AC00ED4A20;
			remoteInfo = CountriesChallenge;
		};
/* End PBXContainerItemProxy section */

/* Begin PBXFileReference section */
		69BCFF5428E38A7900D3733A /* CountriesParser.swift */ = {isa = PBXFileReference; lastKnownFileType = sourcecode.swift; path = CountriesParser.swift; sourceTree = "<group>"; };
		69EED4E428CBC1AC00ED4A20 /* CountriesChallenge.app */ = {isa = PBXFileReference; explicitFileType = wrapper.application; includeInIndex = 0; path = CountriesChallenge.app; sourceTree = BUILT_PRODUCTS_DIR; };
		69EED4E728CBC1AC00ED4A20 /* AppDelegate.swift */ = {isa = PBXFileReference; lastKnownFileType = sourcecode.swift; path = AppDelegate.swift; sourceTree = "<group>"; };
		69EED4F028CBC1B000ED4A20 /* Assets.xcassets */ = {isa = PBXFileReference; lastKnownFileType = folder.assetcatalog; path = Assets.xcassets; sourceTree = "<group>"; };
		69EED4F328CBC1B000ED4A20 /* Base */ = {isa = PBXFileReference; lastKnownFileType = file.storyboard; name = Base; path = Base.lproj/LaunchScreen.storyboard; sourceTree = "<group>"; };
		69EED4F528CBC1B000ED4A20 /* Info.plist */ = {isa = PBXFileReference; lastKnownFileType = text.plist.xml; path = Info.plist; sourceTree = "<group>"; };
		69EED4FA28CBC1B000ED4A20 /* CountriesChallengeTests.xctest */ = {isa = PBXFileReference; explicitFileType = wrapper.cfbundle; includeInIndex = 0; path = CountriesChallengeTests.xctest; sourceTree = BUILT_PRODUCTS_DIR; };
		69EED4FE28CBC1B000ED4A20 /* CountriesChallengeTests.swift */ = {isa = PBXFileReference; lastKnownFileType = sourcecode.swift; path = CountriesChallengeTests.swift; sourceTree = "<group>"; };
		69EED50428CBC1B000ED4A20 /* CountriesChallengeUITests.xctest */ = {isa = PBXFileReference; explicitFileType = wrapper.cfbundle; includeInIndex = 0; path = CountriesChallengeUITests.xctest; sourceTree = BUILT_PRODUCTS_DIR; };
		69EED50828CBC1B000ED4A20 /* CountriesChallengeUITests.swift */ = {isa = PBXFileReference; lastKnownFileType = sourcecode.swift; path = CountriesChallengeUITests.swift; sourceTree = "<group>"; };
		69EED51828CBD70400ED4A20 /* CountriesViewController.swift */ = {isa = PBXFileReference; fileEncoding = 4; lastKnownFileType = sourcecode.swift; path = CountriesViewController.swift; sourceTree = "<group>"; };
		69EED51B28CBD90400ED4A20 /* CountriesService.swift */ = {isa = PBXFileReference; lastKnownFileType = sourcecode.swift; path = CountriesService.swift; sourceTree = "<group>"; };
		69EED51E28CBD98200ED4A20 /* Country.swift */ = {isa = PBXFileReference; lastKnownFileType = sourcecode.swift; path = Country.swift; sourceTree = "<group>"; };
		69EED52028CBD99500ED4A20 /* Currency.swift */ = {isa = PBXFileReference; lastKnownFileType = sourcecode.swift; path = Currency.swift; sourceTree = "<group>"; };
		69EED52228CBD9A000ED4A20 /* Language.swift */ = {isa = PBXFileReference; lastKnownFileType = sourcecode.swift; path = Language.swift; sourceTree = "<group>"; };
		69EED52528CBDD3200ED4A20 /* CountriesViewModel.swift */ = {isa = PBXFileReference; lastKnownFileType = sourcecode.swift; path = CountriesViewModel.swift; sourceTree = "<group>"; };
		69EED52828CBE2D700ED4A20 /* CountryCell.swift */ = {isa = PBXFileReference; lastKnownFileType = sourcecode.swift; path = CountryCell.swift; sourceTree = "<group>"; };
		A31080422A3BAF6700C6DF1D /* MockTableViewDataSource.swift */ = {isa = PBXFileReference; lastKnownFileType = sourcecode.swift; path = MockTableViewDataSource.swift; sourceTree = "<group>"; };
		A31080452A3BC30900C6DF1D /* CountriesListScreen.swift */ = {isa = PBXFileReference; lastKnownFileType = sourcecode.swift; path = CountriesListScreen.swift; sourceTree = "<group>"; };
		A31080472A3BC32300C6DF1D /* CountryDetailsScreen.swift */ = {isa = PBXFileReference; lastKnownFileType = sourcecode.swift; path = CountryDetailsScreen.swift; sourceTree = "<group>"; };
		A310804A2A3BC35C00C6DF1D /* BaseElement.swift */ = {isa = PBXFileReference; lastKnownFileType = sourcecode.swift; path = BaseElement.swift; sourceTree = "<group>"; };
		A31D4B492A3CE1F300229A56 /* Label.swift */ = {isa = PBXFileReference; lastKnownFileType = sourcecode.swift; path = Label.swift; sourceTree = "<group>"; };
		A31D4B4B2A3CE5AD00229A56 /* NSPredicate.swift */ = {isa = PBXFileReference; lastKnownFileType = sourcecode.swift; path = NSPredicate.swift; sourceTree = "<group>"; };
		A31D4B502A3D04BB00229A56 /* CountryCellTests.swift */ = {isa = PBXFileReference; lastKnownFileType = sourcecode.swift; path = CountryCellTests.swift; sourceTree = "<group>"; };
		A332B4862A3C211000802412 /* TextView.swift */ = {isa = PBXFileReference; lastKnownFileType = sourcecode.swift; path = TextView.swift; sourceTree = "<group>"; };
		A332B48A2A3C229300802412 /* XCUIElement.swift */ = {isa = PBXFileReference; lastKnownFileType = sourcecode.swift; path = XCUIElement.swift; sourceTree = "<group>"; };
		A332B48C2A3C267D00802412 /* Cell.swift */ = {isa = PBXFileReference; lastKnownFileType = sourcecode.swift; path = Cell.swift; sourceTree = "<group>"; };
		A34BD1282A3CDA0000CD581D /* BaseTest.swift */ = {isa = PBXFileReference; lastKnownFileType = sourcecode.swift; path = BaseTest.swift; sourceTree = "<group>"; };
		A34BD12A2A3CDC3C00CD581D /* Values.swift */ = {isa = PBXFileReference; lastKnownFileType = sourcecode.swift; path = Values.swift; sourceTree = "<group>"; };
		A36014402A3B888600B1A34C /* MockCountriesViewModel.swift */ = {isa = PBXFileReference; lastKnownFileType = sourcecode.swift; path = MockCountriesViewModel.swift; sourceTree = "<group>"; };
		A3BCD06B2A3C169C0004CEB7 /* States.swift */ = {isa = PBXFileReference; lastKnownFileType = sourcecode.swift; path = States.swift; sourceTree = "<group>"; };
		A3BCD06D2A3C16EF0004CEB7 /* Initializable.swift */ = {isa = PBXFileReference; lastKnownFileType = sourcecode.swift; path = Initializable.swift; sourceTree = "<group>"; };
		A3BCD06F2A3C18130004CEB7 /* Interactions.swift */ = {isa = PBXFileReference; lastKnownFileType = sourcecode.swift; path = Interactions.swift; sourceTree = "<group>"; };
		A3BCD0762A3C1AF70004CEB7 /* Button.swift */ = {isa = PBXFileReference; lastKnownFileType = sourcecode.swift; path = Button.swift; sourceTree = "<group>"; };
		A3BCD0782A3C1C6D0004CEB7 /* TextField.swift */ = {isa = PBXFileReference; lastKnownFileType = sourcecode.swift; path = TextField.swift; sourceTree = "<group>"; };
		B06D6E9129FAFC6A0021F303 /* CountryDetailViewController.swift */ = {isa = PBXFileReference; lastKnownFileType = sourcecode.swift; path = CountryDetailViewController.swift; sourceTree = "<group>"; };
/* End PBXFileReference section */

/* Begin PBXFrameworksBuildPhase section */
		69EED4E128CBC1AC00ED4A20 /* Frameworks */ = {
			isa = PBXFrameworksBuildPhase;
			buildActionMask = 2147483647;
			files = (
			);
			runOnlyForDeploymentPostprocessing = 0;
		};
		69EED4F728CBC1B000ED4A20 /* Frameworks */ = {
			isa = PBXFrameworksBuildPhase;
			buildActionMask = 2147483647;
			files = (
			);
			runOnlyForDeploymentPostprocessing = 0;
		};
		69EED50128CBC1B000ED4A20 /* Frameworks */ = {
			isa = PBXFrameworksBuildPhase;
			buildActionMask = 2147483647;
			files = (
			);
			runOnlyForDeploymentPostprocessing = 0;
		};
/* End PBXFrameworksBuildPhase section */

/* Begin PBXGroup section */
		69EED4DB28CBC1AC00ED4A20 = {
			isa = PBXGroup;
			children = (
				A34BD1272A3CD9F100CD581D /* Setup */,
				A332B4892A3C227F00802412 /* Extensions */,
				A31080442A3BC29B00C6DF1D /* Screens */,
				A31080412A3BAF4E00C6DF1D /* Mocks */,
				A310804C2A3C137600C6DF1D /* Protocols */,
				A31080492A3BC34800C6DF1D /* UIObjects */,
				69EED4E628CBC1AC00ED4A20 /* CountriesChallenge */,
				69EED4FD28CBC1B000ED4A20 /* CountriesChallengeTests */,
				69EED50728CBC1B000ED4A20 /* CountriesChallengeUITests */,
				69EED4E528CBC1AC00ED4A20 /* Products */,
			);
			sourceTree = "<group>";
		};
		69EED4E528CBC1AC00ED4A20 /* Products */ = {
			isa = PBXGroup;
			children = (
				69EED4E428CBC1AC00ED4A20 /* CountriesChallenge.app */,
				69EED4FA28CBC1B000ED4A20 /* CountriesChallengeTests.xctest */,
				69EED50428CBC1B000ED4A20 /* CountriesChallengeUITests.xctest */,
			);
			name = Products;
			sourceTree = "<group>";
		};
		69EED4E628CBC1AC00ED4A20 /* CountriesChallenge */ = {
			isa = PBXGroup;
			children = (
				A31D4B4D2A3D045000229A56 /* CountryCellTests */,
				69EED51D28CBD95700ED4A20 /* Models */,
				69EED51A28CBD8F200ED4A20 /* RemoteServices */,
				69EED51728CBD6EC00ED4A20 /* ViewControllers */,
				69EED52428CBDD0B00ED4A20 /* ViewModels */,
				69EED52728CBE2C200ED4A20 /* Views */,
				69EED4E728CBC1AC00ED4A20 /* AppDelegate.swift */,
				69BCFF5428E38A7900D3733A /* CountriesParser.swift */,
				69EED4F028CBC1B000ED4A20 /* Assets.xcassets */,
				69EED4F228CBC1B000ED4A20 /* LaunchScreen.storyboard */,
				69EED4F528CBC1B000ED4A20 /* Info.plist */,
			);
			path = CountriesChallenge;
			sourceTree = "<group>";
		};
		69EED4FD28CBC1B000ED4A20 /* CountriesChallengeTests */ = {
			isa = PBXGroup;
			children = (
				69EED4FE28CBC1B000ED4A20 /* CountriesChallengeTests.swift */,
			);
			path = CountriesChallengeTests;
			sourceTree = "<group>";
		};
		69EED50728CBC1B000ED4A20 /* CountriesChallengeUITests */ = {
			isa = PBXGroup;
			children = (
				69EED50828CBC1B000ED4A20 /* CountriesChallengeUITests.swift */,
			);
			path = CountriesChallengeUITests;
			sourceTree = "<group>";
		};
		69EED51728CBD6EC00ED4A20 /* ViewControllers */ = {
			isa = PBXGroup;
			children = (
				69EED51828CBD70400ED4A20 /* CountriesViewController.swift */,
				B06D6E9129FAFC6A0021F303 /* CountryDetailViewController.swift */,
			);
			path = ViewControllers;
			sourceTree = "<group>";
		};
		69EED51A28CBD8F200ED4A20 /* RemoteServices */ = {
			isa = PBXGroup;
			children = (
				69EED51B28CBD90400ED4A20 /* CountriesService.swift */,
			);
			path = RemoteServices;
			sourceTree = "<group>";
		};
		69EED51D28CBD95700ED4A20 /* Models */ = {
			isa = PBXGroup;
			children = (
				69EED51E28CBD98200ED4A20 /* Country.swift */,
				69EED52028CBD99500ED4A20 /* Currency.swift */,
				69EED52228CBD9A000ED4A20 /* Language.swift */,
			);
			path = Models;
			sourceTree = "<group>";
		};
		69EED52428CBDD0B00ED4A20 /* ViewModels */ = {
			isa = PBXGroup;
			children = (
				69EED52528CBDD3200ED4A20 /* CountriesViewModel.swift */,
			);
			path = ViewModels;
			sourceTree = "<group>";
		};
		69EED52728CBE2C200ED4A20 /* Views */ = {
			isa = PBXGroup;
			children = (
				69EED52828CBE2D700ED4A20 /* CountryCell.swift */,
			);
			path = Views;
			sourceTree = "<group>";
		};
		A31080412A3BAF4E00C6DF1D /* Mocks */ = {
			isa = PBXGroup;
			children = (
				A36014402A3B888600B1A34C /* MockCountriesViewModel.swift */,
				A31080422A3BAF6700C6DF1D /* MockTableViewDataSource.swift */,
			);
			path = Mocks;
			sourceTree = "<group>";
		};
		A31080442A3BC29B00C6DF1D /* Screens */ = {
			isa = PBXGroup;
			children = (
				A31080452A3BC30900C6DF1D /* CountriesListScreen.swift */,
				A31080472A3BC32300C6DF1D /* CountryDetailsScreen.swift */,
			);
			path = Screens;
			sourceTree = "<group>";
		};
		A31080492A3BC34800C6DF1D /* UIObjects */ = {
			isa = PBXGroup;
			children = (
				A310804A2A3BC35C00C6DF1D /* BaseElement.swift */,
				A3BCD0732A3C1AD00004CEB7 /* BaseElements */,
			);
			path = UIObjects;
			sourceTree = "<group>";
		};
		A310804C2A3C137600C6DF1D /* Protocols */ = {
			isa = PBXGroup;
			children = (
				A3BCD06F2A3C18130004CEB7 /* Interactions.swift */,
				A3BCD06D2A3C16EF0004CEB7 /* Initializable.swift */,
				A3BCD06B2A3C169C0004CEB7 /* States.swift */,
				A34BD12A2A3CDC3C00CD581D /* Values.swift */,
			);
			path = Protocols;
			sourceTree = "<group>";
		};
		A31D4B4D2A3D045000229A56 /* CountryCellTests */ = {
			isa = PBXGroup;
			children = (
				A31D4B502A3D04BB00229A56 /* CountryCellTests.swift */,
			);
			path = CountryCellTests;
			sourceTree = "<group>";
		};
		A332B4892A3C227F00802412 /* Extensions */ = {
			isa = PBXGroup;
			children = (
				A332B48A2A3C229300802412 /* XCUIElement.swift */,
				A31D4B4B2A3CE5AD00229A56 /* NSPredicate.swift */,
			);
			path = Extensions;
			sourceTree = "<group>";
		};
		A34BD1272A3CD9F100CD581D /* Setup */ = {
			isa = PBXGroup;
			children = (
				A34BD1282A3CDA0000CD581D /* BaseTest.swift */,
			);
			path = Setup;
			sourceTree = "<group>";
		};
		A3BCD0732A3C1AD00004CEB7 /* BaseElements */ = {
			isa = PBXGroup;
			children = (
				A3BCD0782A3C1C6D0004CEB7 /* TextField.swift */,
				A3BCD0762A3C1AF70004CEB7 /* Button.swift */,
				A332B4862A3C211000802412 /* TextView.swift */,
				A332B48C2A3C267D00802412 /* Cell.swift */,
				A31D4B492A3CE1F300229A56 /* Label.swift */,
			);
			path = BaseElements;
			sourceTree = "<group>";
		};
/* End PBXGroup section */

/* Begin PBXNativeTarget section */
		69EED4E328CBC1AC00ED4A20 /* CountriesChallenge */ = {
			isa = PBXNativeTarget;
			buildConfigurationList = 69EED50E28CBC1B000ED4A20 /* Build configuration list for PBXNativeTarget "CountriesChallenge" */;
			buildPhases = (
				69EED4E028CBC1AC00ED4A20 /* Sources */,
				69EED4E128CBC1AC00ED4A20 /* Frameworks */,
				69EED4E228CBC1AC00ED4A20 /* Resources */,
			);
			buildRules = (
			);
			dependencies = (
			);
			name = CountriesChallenge;
			productName = CountriesChallenge;
			productReference = 69EED4E428CBC1AC00ED4A20 /* CountriesChallenge.app */;
			productType = "com.apple.product-type.application";
		};
		69EED4F928CBC1B000ED4A20 /* CountriesChallengeTests */ = {
			isa = PBXNativeTarget;
			buildConfigurationList = 69EED51128CBC1B000ED4A20 /* Build configuration list for PBXNativeTarget "CountriesChallengeTests" */;
			buildPhases = (
				69EED4F628CBC1B000ED4A20 /* Sources */,
				69EED4F728CBC1B000ED4A20 /* Frameworks */,
				69EED4F828CBC1B000ED4A20 /* Resources */,
			);
			buildRules = (
			);
			dependencies = (
				69EED4FC28CBC1B000ED4A20 /* PBXTargetDependency */,
			);
			name = CountriesChallengeTests;
			productName = CountriesChallengeTests;
			productReference = 69EED4FA28CBC1B000ED4A20 /* CountriesChallengeTests.xctest */;
			productType = "com.apple.product-type.bundle.unit-test";
		};
		69EED50328CBC1B000ED4A20 /* CountriesChallengeUITests */ = {
			isa = PBXNativeTarget;
			buildConfigurationList = 69EED51428CBC1B000ED4A20 /* Build configuration list for PBXNativeTarget "CountriesChallengeUITests" */;
			buildPhases = (
				69EED50028CBC1B000ED4A20 /* Sources */,
				69EED50128CBC1B000ED4A20 /* Frameworks */,
				69EED50228CBC1B000ED4A20 /* Resources */,
			);
			buildRules = (
			);
			dependencies = (
				69EED50628CBC1B000ED4A20 /* PBXTargetDependency */,
			);
			name = CountriesChallengeUITests;
			productName = CountriesChallengeUITests;
			productReference = 69EED50428CBC1B000ED4A20 /* CountriesChallengeUITests.xctest */;
			productType = "com.apple.product-type.bundle.ui-testing";
		};
/* End PBXNativeTarget section */

/* Begin PBXProject section */
		69EED4DC28CBC1AC00ED4A20 /* Project object */ = {
			isa = PBXProject;
			attributes = {
				BuildIndependentTargetsInParallel = 1;
				LastSwiftUpdateCheck = 1340;
				LastUpgradeCheck = 1340;
				TargetAttributes = {
					69EED4E328CBC1AC00ED4A20 = {
						CreatedOnToolsVersion = 13.4.1;
					};
					69EED4F928CBC1B000ED4A20 = {
						CreatedOnToolsVersion = 13.4.1;
						TestTargetID = 69EED4E328CBC1AC00ED4A20;
					};
					69EED50328CBC1B000ED4A20 = {
						CreatedOnToolsVersion = 13.4.1;
						TestTargetID = 69EED4E328CBC1AC00ED4A20;
					};
				};
			};
			buildConfigurationList = 69EED4DF28CBC1AC00ED4A20 /* Build configuration list for PBXProject "CountriesChallenge" */;
			compatibilityVersion = "Xcode 13.0";
			developmentRegion = en;
			hasScannedForEncodings = 0;
			knownRegions = (
				en,
				Base,
			);
			mainGroup = 69EED4DB28CBC1AC00ED4A20;
			productRefGroup = 69EED4E528CBC1AC00ED4A20 /* Products */;
			projectDirPath = "";
			projectRoot = "";
			targets = (
				69EED4E328CBC1AC00ED4A20 /* CountriesChallenge */,
				69EED4F928CBC1B000ED4A20 /* CountriesChallengeTests */,
				69EED50328CBC1B000ED4A20 /* CountriesChallengeUITests */,
			);
		};
/* End PBXProject section */

/* Begin PBXResourcesBuildPhase section */
		69EED4E228CBC1AC00ED4A20 /* Resources */ = {
			isa = PBXResourcesBuildPhase;
			buildActionMask = 2147483647;
			files = (
				69EED4F428CBC1B000ED4A20 /* LaunchScreen.storyboard in Resources */,
				69EED4F128CBC1B000ED4A20 /* Assets.xcassets in Resources */,
			);
			runOnlyForDeploymentPostprocessing = 0;
		};
		69EED4F828CBC1B000ED4A20 /* Resources */ = {
			isa = PBXResourcesBuildPhase;
			buildActionMask = 2147483647;
			files = (
			);
			runOnlyForDeploymentPostprocessing = 0;
		};
		69EED50228CBC1B000ED4A20 /* Resources */ = {
			isa = PBXResourcesBuildPhase;
			buildActionMask = 2147483647;
			files = (
			);
			runOnlyForDeploymentPostprocessing = 0;
		};
/* End PBXResourcesBuildPhase section */

/* Begin PBXSourcesBuildPhase section */
		69EED4E028CBC1AC00ED4A20 /* Sources */ = {
			isa = PBXSourcesBuildPhase;
			buildActionMask = 2147483647;
			files = (
				A31080432A3BAF6700C6DF1D /* MockTableViewDataSource.swift in Sources */,
				69EED52928CBE2D700ED4A20 /* CountryCell.swift in Sources */,
				69EED51F28CBD98200ED4A20 /* Country.swift in Sources */,
				B06D6E9229FAFC6A0021F303 /* CountryDetailViewController.swift in Sources */,
				69EED52128CBD99500ED4A20 /* Currency.swift in Sources */,
				69EED52628CBDD3200ED4A20 /* CountriesViewModel.swift in Sources */,
				69BCFF5528E38A7900D3733A /* CountriesParser.swift in Sources */,
				69EED51C28CBD90400ED4A20 /* CountriesService.swift in Sources */,
				69EED52328CBD9A000ED4A20 /* Language.swift in Sources */,
				69EED51928CBD70400ED4A20 /* CountriesViewController.swift in Sources */,
				69EED4E828CBC1AC00ED4A20 /* AppDelegate.swift in Sources */,
				A36014412A3B888600B1A34C /* MockCountriesViewModel.swift in Sources */,
			);
			runOnlyForDeploymentPostprocessing = 0;
		};
		69EED4F628CBC1B000ED4A20 /* Sources */ = {
			isa = PBXSourcesBuildPhase;
			buildActionMask = 2147483647;
			files = (
				A31D4B512A3D04BB00229A56 /* CountryCellTests.swift in Sources */,
				69EED4FF28CBC1B000ED4A20 /* CountriesChallengeTests.swift in Sources */,
			);
			runOnlyForDeploymentPostprocessing = 0;
		};
		69EED50028CBC1B000ED4A20 /* Sources */ = {
			isa = PBXSourcesBuildPhase;
			buildActionMask = 2147483647;
			files = (
				A3BCD0702A3C18130004CEB7 /* Interactions.swift in Sources */,
				A332B4872A3C211000802412 /* TextView.swift in Sources */,
				A310804B2A3BC35C00C6DF1D /* BaseElement.swift in Sources */,
				A31080462A3BC30900C6DF1D /* CountriesListScreen.swift in Sources */,
				A3BCD0792A3C1C6D0004CEB7 /* TextField.swift in Sources */,
				A332B48D2A3C267D00802412 /* Cell.swift in Sources */,
				A34BD12B2A3CDC3C00CD581D /* Values.swift in Sources */,
				A31D4B4C2A3CE5AD00229A56 /* NSPredicate.swift in Sources */,
				69EED50928CBC1B000ED4A20 /* CountriesChallengeUITests.swift in Sources */,
				A3BCD06C2A3C169C0004CEB7 /* States.swift in Sources */,
				A332B48B2A3C229300802412 /* XCUIElement.swift in Sources */,
				A34BD1292A3CDA0000CD581D /* BaseTest.swift in Sources */,
				A31080482A3BC32300C6DF1D /* CountryDetailsScreen.swift in Sources */,
				A31D4B4A2A3CE1F300229A56 /* Label.swift in Sources */,
				A3BCD0772A3C1AF70004CEB7 /* Button.swift in Sources */,
				A3BCD06E2A3C16EF0004CEB7 /* Initializable.swift in Sources */,
			);
			runOnlyForDeploymentPostprocessing = 0;
		};
/* End PBXSourcesBuildPhase section */

/* Begin PBXTargetDependency section */
		69EED4FC28CBC1B000ED4A20 /* PBXTargetDependency */ = {
			isa = PBXTargetDependency;
			target = 69EED4E328CBC1AC00ED4A20 /* CountriesChallenge */;
			targetProxy = 69EED4FB28CBC1B000ED4A20 /* PBXContainerItemProxy */;
		};
		69EED50628CBC1B000ED4A20 /* PBXTargetDependency */ = {
			isa = PBXTargetDependency;
			target = 69EED4E328CBC1AC00ED4A20 /* CountriesChallenge */;
			targetProxy = 69EED50528CBC1B000ED4A20 /* PBXContainerItemProxy */;
		};
/* End PBXTargetDependency section */

/* Begin PBXVariantGroup section */
		69EED4F228CBC1B000ED4A20 /* LaunchScreen.storyboard */ = {
			isa = PBXVariantGroup;
			children = (
				69EED4F328CBC1B000ED4A20 /* Base */,
			);
			name = LaunchScreen.storyboard;
			sourceTree = "<group>";
		};
/* End PBXVariantGroup section */

/* Begin XCBuildConfiguration section */
		69EED50C28CBC1B000ED4A20 /* Debug */ = {
			isa = XCBuildConfiguration;
			buildSettings = {
				ALWAYS_SEARCH_USER_PATHS = NO;
				CLANG_ANALYZER_NONNULL = YES;
				CLANG_ANALYZER_NUMBER_OBJECT_CONVERSION = YES_AGGRESSIVE;
				CLANG_CXX_LANGUAGE_STANDARD = "gnu++17";
				CLANG_ENABLE_MODULES = YES;
				CLANG_ENABLE_OBJC_ARC = YES;
				CLANG_ENABLE_OBJC_WEAK = YES;
				CLANG_WARN_BLOCK_CAPTURE_AUTORELEASING = YES;
				CLANG_WARN_BOOL_CONVERSION = YES;
				CLANG_WARN_COMMA = YES;
				CLANG_WARN_CONSTANT_CONVERSION = YES;
				CLANG_WARN_DEPRECATED_OBJC_IMPLEMENTATIONS = YES;
				CLANG_WARN_DIRECT_OBJC_ISA_USAGE = YES_ERROR;
				CLANG_WARN_DOCUMENTATION_COMMENTS = YES;
				CLANG_WARN_EMPTY_BODY = YES;
				CLANG_WARN_ENUM_CONVERSION = YES;
				CLANG_WARN_INFINITE_RECURSION = YES;
				CLANG_WARN_INT_CONVERSION = YES;
				CLANG_WARN_NON_LITERAL_NULL_CONVERSION = YES;
				CLANG_WARN_OBJC_IMPLICIT_RETAIN_SELF = YES;
				CLANG_WARN_OBJC_LITERAL_CONVERSION = YES;
				CLANG_WARN_OBJC_ROOT_CLASS = YES_ERROR;
				CLANG_WARN_QUOTED_INCLUDE_IN_FRAMEWORK_HEADER = YES;
				CLANG_WARN_RANGE_LOOP_ANALYSIS = YES;
				CLANG_WARN_STRICT_PROTOTYPES = YES;
				CLANG_WARN_SUSPICIOUS_MOVE = YES;
				CLANG_WARN_UNGUARDED_AVAILABILITY = YES_AGGRESSIVE;
				CLANG_WARN_UNREACHABLE_CODE = YES;
				CLANG_WARN__DUPLICATE_METHOD_MATCH = YES;
				COPY_PHASE_STRIP = NO;
				DEBUG_INFORMATION_FORMAT = dwarf;
				ENABLE_STRICT_OBJC_MSGSEND = YES;
				ENABLE_TESTABILITY = YES;
				GCC_C_LANGUAGE_STANDARD = gnu11;
				GCC_DYNAMIC_NO_PIC = NO;
				GCC_NO_COMMON_BLOCKS = YES;
				GCC_OPTIMIZATION_LEVEL = 0;
				GCC_PREPROCESSOR_DEFINITIONS = (
					"DEBUG=1",
					"$(inherited)",
				);
				GCC_WARN_64_TO_32_BIT_CONVERSION = YES;
				GCC_WARN_ABOUT_RETURN_TYPE = YES_ERROR;
				GCC_WARN_UNDECLARED_SELECTOR = YES;
				GCC_WARN_UNINITIALIZED_AUTOS = YES_AGGRESSIVE;
				GCC_WARN_UNUSED_FUNCTION = YES;
				GCC_WARN_UNUSED_VARIABLE = YES;
				IPHONEOS_DEPLOYMENT_TARGET = 15.2;
				MTL_ENABLE_DEBUG_INFO = INCLUDE_SOURCE;
				MTL_FAST_MATH = YES;
				ONLY_ACTIVE_ARCH = YES;
				SDKROOT = iphoneos;
				SWIFT_ACTIVE_COMPILATION_CONDITIONS = DEBUG;
				SWIFT_OPTIMIZATION_LEVEL = "-Onone";
			};
			name = Debug;
		};
		69EED50D28CBC1B000ED4A20 /* Release */ = {
			isa = XCBuildConfiguration;
			buildSettings = {
				ALWAYS_SEARCH_USER_PATHS = NO;
				CLANG_ANALYZER_NONNULL = YES;
				CLANG_ANALYZER_NUMBER_OBJECT_CONVERSION = YES_AGGRESSIVE;
				CLANG_CXX_LANGUAGE_STANDARD = "gnu++17";
				CLANG_ENABLE_MODULES = YES;
				CLANG_ENABLE_OBJC_ARC = YES;
				CLANG_ENABLE_OBJC_WEAK = YES;
				CLANG_WARN_BLOCK_CAPTURE_AUTORELEASING = YES;
				CLANG_WARN_BOOL_CONVERSION = YES;
				CLANG_WARN_COMMA = YES;
				CLANG_WARN_CONSTANT_CONVERSION = YES;
				CLANG_WARN_DEPRECATED_OBJC_IMPLEMENTATIONS = YES;
				CLANG_WARN_DIRECT_OBJC_ISA_USAGE = YES_ERROR;
				CLANG_WARN_DOCUMENTATION_COMMENTS = YES;
				CLANG_WARN_EMPTY_BODY = YES;
				CLANG_WARN_ENUM_CONVERSION = YES;
				CLANG_WARN_INFINITE_RECURSION = YES;
				CLANG_WARN_INT_CONVERSION = YES;
				CLANG_WARN_NON_LITERAL_NULL_CONVERSION = YES;
				CLANG_WARN_OBJC_IMPLICIT_RETAIN_SELF = YES;
				CLANG_WARN_OBJC_LITERAL_CONVERSION = YES;
				CLANG_WARN_OBJC_ROOT_CLASS = YES_ERROR;
				CLANG_WARN_QUOTED_INCLUDE_IN_FRAMEWORK_HEADER = YES;
				CLANG_WARN_RANGE_LOOP_ANALYSIS = YES;
				CLANG_WARN_STRICT_PROTOTYPES = YES;
				CLANG_WARN_SUSPICIOUS_MOVE = YES;
				CLANG_WARN_UNGUARDED_AVAILABILITY = YES_AGGRESSIVE;
				CLANG_WARN_UNREACHABLE_CODE = YES;
				CLANG_WARN__DUPLICATE_METHOD_MATCH = YES;
				COPY_PHASE_STRIP = NO;
				DEBUG_INFORMATION_FORMAT = "dwarf-with-dsym";
				ENABLE_NS_ASSERTIONS = NO;
				ENABLE_STRICT_OBJC_MSGSEND = YES;
				GCC_C_LANGUAGE_STANDARD = gnu11;
				GCC_NO_COMMON_BLOCKS = YES;
				GCC_WARN_64_TO_32_BIT_CONVERSION = YES;
				GCC_WARN_ABOUT_RETURN_TYPE = YES_ERROR;
				GCC_WARN_UNDECLARED_SELECTOR = YES;
				GCC_WARN_UNINITIALIZED_AUTOS = YES_AGGRESSIVE;
				GCC_WARN_UNUSED_FUNCTION = YES;
				GCC_WARN_UNUSED_VARIABLE = YES;
				IPHONEOS_DEPLOYMENT_TARGET = 15.2;
				MTL_ENABLE_DEBUG_INFO = NO;
				MTL_FAST_MATH = YES;
				SDKROOT = iphoneos;
				SWIFT_COMPILATION_MODE = wholemodule;
				SWIFT_OPTIMIZATION_LEVEL = "-O";
				VALIDATE_PRODUCT = YES;
			};
			name = Release;
		};
		69EED50F28CBC1B000ED4A20 /* Debug */ = {
			isa = XCBuildConfiguration;
			buildSettings = {
				ASSETCATALOG_COMPILER_APPICON_NAME = AppIcon;
				ASSETCATALOG_COMPILER_GLOBAL_ACCENT_COLOR_NAME = AccentColor;
				CODE_SIGN_STYLE = Automatic;
				CURRENT_PROJECT_VERSION = 1;
				DEVELOPMENT_TEAM = "";
				GENERATE_INFOPLIST_FILE = YES;
				INFOPLIST_FILE = CountriesChallenge/Info.plist;
				INFOPLIST_KEY_UIApplicationSupportsIndirectInputEvents = YES;
				INFOPLIST_KEY_UILaunchStoryboardName = LaunchScreen;
				INFOPLIST_KEY_UISupportedInterfaceOrientations_iPad = "UIInterfaceOrientationPortrait UIInterfaceOrientationPortraitUpsideDown UIInterfaceOrientationLandscapeLeft UIInterfaceOrientationLandscapeRight";
				INFOPLIST_KEY_UISupportedInterfaceOrientations_iPhone = "UIInterfaceOrientationPortrait UIInterfaceOrientationLandscapeLeft UIInterfaceOrientationLandscapeRight";
				IPHONEOS_DEPLOYMENT_TARGET = 15.2;
				LD_RUNPATH_SEARCH_PATHS = (
					"$(inherited)",
					"@executable_path/Frameworks",
				);
				MARKETING_VERSION = 1.0;
				PRODUCT_BUNDLE_IDENTIFIER = com.walmart.CountriesChallenge;
				PRODUCT_NAME = "$(TARGET_NAME)";
				SWIFT_EMIT_LOC_STRINGS = YES;
				SWIFT_VERSION = 5.0;
				TARGETED_DEVICE_FAMILY = "1,2";
			};
			name = Debug;
		};
		69EED51028CBC1B000ED4A20 /* Release */ = {
			isa = XCBuildConfiguration;
			buildSettings = {
				ASSETCATALOG_COMPILER_APPICON_NAME = AppIcon;
				ASSETCATALOG_COMPILER_GLOBAL_ACCENT_COLOR_NAME = AccentColor;
				CODE_SIGN_STYLE = Automatic;
				CURRENT_PROJECT_VERSION = 1;
				DEVELOPMENT_TEAM = "";
				GENERATE_INFOPLIST_FILE = YES;
				INFOPLIST_FILE = CountriesChallenge/Info.plist;
				INFOPLIST_KEY_UIApplicationSupportsIndirectInputEvents = YES;
				INFOPLIST_KEY_UILaunchStoryboardName = LaunchScreen;
				INFOPLIST_KEY_UISupportedInterfaceOrientations_iPad = "UIInterfaceOrientationPortrait UIInterfaceOrientationPortraitUpsideDown UIInterfaceOrientationLandscapeLeft UIInterfaceOrientationLandscapeRight";
				INFOPLIST_KEY_UISupportedInterfaceOrientations_iPhone = "UIInterfaceOrientationPortrait UIInterfaceOrientationLandscapeLeft UIInterfaceOrientationLandscapeRight";
				IPHONEOS_DEPLOYMENT_TARGET = 15.2;
				LD_RUNPATH_SEARCH_PATHS = (
					"$(inherited)",
					"@executable_path/Frameworks",
				);
				MARKETING_VERSION = 1.0;
				PRODUCT_BUNDLE_IDENTIFIER = com.walmart.CountriesChallenge;
				PRODUCT_NAME = "$(TARGET_NAME)";
				SWIFT_EMIT_LOC_STRINGS = YES;
				SWIFT_VERSION = 5.0;
				TARGETED_DEVICE_FAMILY = "1,2";
			};
			name = Release;
		};
		69EED51228CBC1B000ED4A20 /* Debug */ = {
			isa = XCBuildConfiguration;
			buildSettings = {
				ALWAYS_EMBED_SWIFT_STANDARD_LIBRARIES = YES;
				BUNDLE_LOADER = "$(TEST_HOST)";
				"CODE_SIGN_IDENTITY[sdk=macosx*]" = "Apple Development";
				CODE_SIGN_STYLE = Automatic;
				CURRENT_PROJECT_VERSION = 1;
				DEVELOPMENT_TEAM = "";
				GENERATE_INFOPLIST_FILE = YES;
				IPHONEOS_DEPLOYMENT_TARGET = 15.2;
				MARKETING_VERSION = 1.0;
				PRODUCT_BUNDLE_IDENTIFIER = com.walmart.CountriesChallengeTests;
				PRODUCT_NAME = "$(TARGET_NAME)";
				SWIFT_EMIT_LOC_STRINGS = NO;
				SWIFT_VERSION = 5.0;
				TARGETED_DEVICE_FAMILY = "1,2";
				TEST_HOST = "$(BUILT_PRODUCTS_DIR)/CountriesChallenge.app/CountriesChallenge";
			};
			name = Debug;
		};
		69EED51328CBC1B000ED4A20 /* Release */ = {
			isa = XCBuildConfiguration;
			buildSettings = {
				ALWAYS_EMBED_SWIFT_STANDARD_LIBRARIES = YES;
				BUNDLE_LOADER = "$(TEST_HOST)";
				"CODE_SIGN_IDENTITY[sdk=macosx*]" = "Apple Development";
				CODE_SIGN_STYLE = Automatic;
				CURRENT_PROJECT_VERSION = 1;
				DEVELOPMENT_TEAM = "";
				GENERATE_INFOPLIST_FILE = YES;
				IPHONEOS_DEPLOYMENT_TARGET = 15.2;
				MARKETING_VERSION = 1.0;
				PRODUCT_BUNDLE_IDENTIFIER = com.walmart.CountriesChallengeTests;
				PRODUCT_NAME = "$(TARGET_NAME)";
				SWIFT_EMIT_LOC_STRINGS = NO;
				SWIFT_VERSION = 5.0;
				TARGETED_DEVICE_FAMILY = "1,2";
				TEST_HOST = "$(BUILT_PRODUCTS_DIR)/CountriesChallenge.app/CountriesChallenge";
			};
			name = Release;
		};
		69EED51528CBC1B000ED4A20 /* Debug */ = {
			isa = XCBuildConfiguration;
			buildSettings = {
				ALWAYS_EMBED_SWIFT_STANDARD_LIBRARIES = YES;
				CODE_SIGN_STYLE = Automatic;
				CURRENT_PROJECT_VERSION = 1;
				DEVELOPMENT_TEAM = "";
				GENERATE_INFOPLIST_FILE = YES;
				MARKETING_VERSION = 1.0;
				PRODUCT_BUNDLE_IDENTIFIER = com.walmart.CountriesChallengeUITests;
				PRODUCT_NAME = "$(TARGET_NAME)";
				SWIFT_EMIT_LOC_STRINGS = NO;
				SWIFT_VERSION = 5.0;
				TARGETED_DEVICE_FAMILY = "1,2";
				TEST_TARGET_NAME = CountriesChallenge;
			};
			name = Debug;
		};
		69EED51628CBC1B000ED4A20 /* Release */ = {
			isa = XCBuildConfiguration;
			buildSettings = {
				ALWAYS_EMBED_SWIFT_STANDARD_LIBRARIES = YES;
				CODE_SIGN_STYLE = Automatic;
				CURRENT_PROJECT_VERSION = 1;
				DEVELOPMENT_TEAM = "";
				GENERATE_INFOPLIST_FILE = YES;
				MARKETING_VERSION = 1.0;
				PRODUCT_BUNDLE_IDENTIFIER = com.walmart.CountriesChallengeUITests;
				PRODUCT_NAME = "$(TARGET_NAME)";
				SWIFT_EMIT_LOC_STRINGS = NO;
				SWIFT_VERSION = 5.0;
				TARGETED_DEVICE_FAMILY = "1,2";
				TEST_TARGET_NAME = CountriesChallenge;
			};
			name = Release;
		};
/* End XCBuildConfiguration section */

/* Begin XCConfigurationList section */
		69EED4DF28CBC1AC00ED4A20 /* Build configuration list for PBXProject "CountriesChallenge" */ = {
			isa = XCConfigurationList;
			buildConfigurations = (
				69EED50C28CBC1B000ED4A20 /* Debug */,
				69EED50D28CBC1B000ED4A20 /* Release */,
			);
			defaultConfigurationIsVisible = 0;
			defaultConfigurationName = Release;
		};
		69EED50E28CBC1B000ED4A20 /* Build configuration list for PBXNativeTarget "CountriesChallenge" */ = {
			isa = XCConfigurationList;
			buildConfigurations = (
				69EED50F28CBC1B000ED4A20 /* Debug */,
				69EED51028CBC1B000ED4A20 /* Release */,
			);
			defaultConfigurationIsVisible = 0;
			defaultConfigurationName = Release;
		};
		69EED51128CBC1B000ED4A20 /* Build configuration list for PBXNativeTarget "CountriesChallengeTests" */ = {
			isa = XCConfigurationList;
			buildConfigurations = (
				69EED51228CBC1B000ED4A20 /* Debug */,
				69EED51328CBC1B000ED4A20 /* Release */,
			);
			defaultConfigurationIsVisible = 0;
			defaultConfigurationName = Release;
		};
		69EED51428CBC1B000ED4A20 /* Build configuration list for PBXNativeTarget "CountriesChallengeUITests" */ = {
			isa = XCConfigurationList;
			buildConfigurations = (
				69EED51528CBC1B000ED4A20 /* Debug */,
				69EED51628CBC1B000ED4A20 /* Release */,
			);
			defaultConfigurationIsVisible = 0;
			defaultConfigurationName = Release;
		};
/* End XCConfigurationList section */
	};
	rootObject = 69EED4DC28CBC1AC00ED4A20 /* Project object */;
}
